Microsoft Visual Studio Solution File, Format Version 12.00
# Visual Studio Version 17
VisualStudioVersion = 17.5.2.0
MinimumVisualStudioVersion = 10.0.40219.1
Project("{FAE04EC0-301F-11D3-BF4B-00C04F79EFBC}") = "MyApplication", "MyApplication.csproj", "{38CA5562-7BB0-F5DC-14E8-D6F319E6CBF4}"
EndProject
Global
	GlobalSection(SolutionConfigurationPlatforms) = preSolution
		Debug|Any CPU = Debug|Any CPU
		Release|Any CPU = Release|Any CPU
	EndGlobalSection
	GlobalSection(ProjectConfigurationPlatforms) = postSolution
		{38CA5562-7BB0-F5DC-14E8-D6F319E6CBF4}.Debug|Any CPU.ActiveCfg = Debug|Any CPU
		{38CA5562-7BB0-F5DC-14E8-D6F319E6CBF4}.Debug|Any CPU.Build.0 = Debug|Any CPU
		{38CA5562-7BB0-F5DC-14E8-D6F319E6CBF4}.Release|Any CPU.ActiveCfg = Release|Any CPU
		{38CA5562-7BB0-F5DC-14E8-D6F319E6CBF4}.Release|Any CPU.Build.0 = Release|Any CPU
	EndGlobalSection
	GlobalSection(SolutionProperties) = preSolution
		HideSolutionNode = FALSE
	EndGlobalSection
	GlobalSection(ExtensibilityGlobals) = postSolution
		SolutionGuid = {7E19DCFF-5232-4CE7-851F-A62B697783E9}
	EndGlobalSection
EndGlobal
